
Microsoft Visual Studio Solution File, Format Version 12.00
# Visual Studio Version 17
VisualStudioVersion = 17.5.33627.172
MinimumVisualStudioVersion = 10.0.40219.1
Project("{FAE04EC0-301F-11D3-BF4B-00C04F79EFBC}") = "func-orders-webhook", "func-orders-webhook\func-orders-webhook.csproj", "{0038CFED-66ED-41EA-A730-C35F64856B3B}"
EndProject
Global
	GlobalSection(SolutionConfigurationPlatforms) = preSolution
		Debug|Any CPU = Debug|Any CPU
		Release|Any CPU = Release|Any CPU
	EndGlobalSection
	GlobalSection(ProjectConfigurationPlatforms) = postSolution
		{0038CFED-66ED-41EA-A730-C35F64856B3B}.Debug|Any CPU.ActiveCfg = Debug|Any CPU
		{0038CFED-66ED-41EA-A730-C35F64856B3B}.Debug|Any CPU.Build.0 = Debug|Any CPU
		{0038CFED-66ED-41EA-A730-C35F64856B3B}.Release|Any CPU.ActiveCfg = Release|Any CPU
		{0038CFED-66ED-41EA-A730-C35F64856B3B}.Release|Any CPU.Build.0 = Release|Any CPU
	EndGlobalSection
	GlobalSection(SolutionProperties) = preSolution
		HideSolutionNode = FALSE
	EndGlobalSection
	GlobalSection(ExtensibilityGlobals) = postSolution
		SolutionGuid = {4788B2DB-1906-4A49-890F-0B88159DE3C8}
	EndGlobalSection
EndGlobal
